// !$*UTF8*$!
{
	archiveVersion = 1;
	classes = {
	};
	objectVersion = 54;
	objects = {

/* Begin PBXBuildFile section */
		00E356F31AD99517003FC87E /* igrowTests.m in Sources */ = {isa = PBXBuildFile; fileRef = 00E356F21AD99517003FC87E /* igrowTests.m */; };
		02EB839F8A87450A95DF8E5F /* Roboto-Light.ttf in Resources */ = {isa = PBXBuildFile; fileRef = E3182DEB4590436CB336A489 /* Roboto-Light.ttf */; };
		04731671C4BD4000AD902073 /* IBMPlexSans-ExtraLight.ttf in Resources */ = {isa = PBXBuildFile; fileRef = 75D4719F16E545E49239B795 /* IBMPlexSans-ExtraLight.ttf */; };
		0C80B921A6F3F58F76C31292 /* libPods-igrow.a in Frameworks */ = {isa = PBXBuildFile; fileRef = 5DCACB8F33CDC322A6C60F78 /* libPods-igrow.a */; };
		0E3809DD59B9437AA205E42A /* IBMPlexSans-LightItalic.ttf in Resources */ = {isa = PBXBuildFile; fileRef = 8953FDFE1F8E415ABFA966AC /* IBMPlexSans-LightItalic.ttf */; };
		0E39879874A946C0968E723D /* Roboto-BoldItalic.ttf in Resources */ = {isa = PBXBuildFile; fileRef = 237C3981248A456AA165E5C4 /* Roboto-BoldItalic.ttf */; };
		12848F1CADE445409F2791BF /* IBMPlexSans-Medium.ttf in Resources */ = {isa = PBXBuildFile; fileRef = 644373D36F7F443B8D2BEA1B /* IBMPlexSans-Medium.ttf */; };
		13B07FBC1A68108700A75B9A /* AppDelegate.mm in Sources */ = {isa = PBXBuildFile; fileRef = 13B07FB01A68108700A75B9A /* AppDelegate.mm */; };
		13B07FBF1A68108700A75B9A /* Images.xcassets in Resources */ = {isa = PBXBuildFile; fileRef = 13B07FB51A68108700A75B9A /* Images.xcassets */; };
		13B07FC11A68108700A75B9A /* main.m in Sources */ = {isa = PBXBuildFile; fileRef = 13B07FB71A68108700A75B9A /* main.m */; };
		25B9FFFB9E654C9FB89BEF43 /* IBMPlexSans-MediumItalic.ttf in Resources */ = {isa = PBXBuildFile; fileRef = 7357C963043E408F9D60506B /* IBMPlexSans-MediumItalic.ttf */; };
		25D5CF4DBF1844AE9AC2CE7D /* Roboto-Black.ttf in Resources */ = {isa = PBXBuildFile; fileRef = 92CE70B45AFF47FCAE4BDE7F /* Roboto-Black.ttf */; };
		261E1663EB184787829B04D7 /* IBMPlexSans-SemiBold.ttf in Resources */ = {isa = PBXBuildFile; fileRef = 4CBC3BD46C6849668EF0684A /* IBMPlexSans-SemiBold.ttf */; };
		2825147848B14414A7B1086C /* Ubuntu-Bold.ttf in Resources */ = {isa = PBXBuildFile; fileRef = 1A931002B89F44439F2A941F /* Ubuntu-Bold.ttf */; };
		4DB675B324C34EBDBB3AECE6 /* Roboto-Italic.ttf in Resources */ = {isa = PBXBuildFile; fileRef = 5023BB6C49804D608900E3C0 /* Roboto-Italic.ttf */; };
		4F329CB12D14416EA6B77235 /* Roboto-MediumItalic.ttf in Resources */ = {isa = PBXBuildFile; fileRef = A50235FBA614422997D6717B /* Roboto-MediumItalic.ttf */; };
		57D199B0AF12448AB37E0E21 /* IBMPlexSans-Thin.ttf in Resources */ = {isa = PBXBuildFile; fileRef = 80CBBE3DB7BC454E8A9E6D93 /* IBMPlexSans-Thin.ttf */; };
		6FD31672101440EB8C8D42C6 /* IBMPlexSans-Light.ttf in Resources */ = {isa = PBXBuildFile; fileRef = 8A367F67A2614823BE7DD804 /* IBMPlexSans-Light.ttf */; };
		7699B88040F8A987B510C191 /* libPods-igrow-igrowTests.a in Frameworks */ = {isa = PBXBuildFile; fileRef = 19F6CBCC0A4E27FBF8BF4A61 /* libPods-igrow-igrowTests.a */; };
		773B385E4A194D33AA6B3782 /* IBMPlexSans-Italic.ttf in Resources */ = {isa = PBXBuildFile; fileRef = A628996B1E92476491435757 /* IBMPlexSans-Italic.ttf */; };
		779B1C1C3FBC473D83F73E4D /* Roboto-Regular.ttf in Resources */ = {isa = PBXBuildFile; fileRef = 81F1F6B621824E4BB27D5AA5 /* Roboto-Regular.ttf */; };
		81AB9BB82411601600AC10FF /* LaunchScreen.storyboard in Resources */ = {isa = PBXBuildFile; fileRef = 81AB9BB72411601600AC10FF /* LaunchScreen.storyboard */; };
		91C3636178D74589B3229D3F /* Ubuntu-BoldItalic.ttf in Resources */ = {isa = PBXBuildFile; fileRef = 1BEAA6C099C14202B48B4F84 /* Ubuntu-BoldItalic.ttf */; };
		98E96CD2ADF348DE806525EA /* IBMPlexSans-BoldItalic.ttf in Resources */ = {isa = PBXBuildFile; fileRef = 4A9F7CFA20114B85B99BE374 /* IBMPlexSans-BoldItalic.ttf */; };
		AAD8E1354E3D449E8F943D70 /* Ubuntu-Regular.ttf in Resources */ = {isa = PBXBuildFile; fileRef = A46B0DFA69AD4638B54D765C /* Ubuntu-Regular.ttf */; };
		AEF6418A50A54F12B7A67A69 /* IBMPlexSans-SemiBoldItalic.ttf in Resources */ = {isa = PBXBuildFile; fileRef = C4119C8F440B4F0FA43C9C81 /* IBMPlexSans-SemiBoldItalic.ttf */; };
		BFDDA89BD15F43FC9F39DDD3 /* IBMPlexSans-ThinItalic.ttf in Resources */ = {isa = PBXBuildFile; fileRef = A41955C308BA408590E16E3E /* IBMPlexSans-ThinItalic.ttf */; };
		C1B927015CEA45048D6FA268 /* Roboto-Bold.ttf in Resources */ = {isa = PBXBuildFile; fileRef = 5822256E6B4742CF9B0A68E9 /* Roboto-Bold.ttf */; };
		C855FFD63ECD436D9C883FC1 /* Ubuntu-MediumItalic.ttf in Resources */ = {isa = PBXBuildFile; fileRef = 7AAFE5E74C2F424583B0EC40 /* Ubuntu-MediumItalic.ttf */; };
		C90F26035A6A47A1BB994669 /* Ubuntu-Light.ttf in Resources */ = {isa = PBXBuildFile; fileRef = 7AE8FC42F3AC4717802D50A7 /* Ubuntu-Light.ttf */; };
		D7A515A3894C4BDB9832CA29 /* IBMPlexSans-ExtraLightItalic.ttf in Resources */ = {isa = PBXBuildFile; fileRef = 029750B3DDAA4AD79189306A /* IBMPlexSans-ExtraLightItalic.ttf */; };
		DED656C7309F490685D8DE80 /* Ubuntu-Italic.ttf in Resources */ = {isa = PBXBuildFile; fileRef = 6978A89D0D26472CB94BAD31 /* Ubuntu-Italic.ttf */; };
		E7331022C41348F7A3D9164D /* Roboto-Medium.ttf in Resources */ = {isa = PBXBuildFile; fileRef = E98CB04549D44B6DA208AD87 /* Roboto-Medium.ttf */; };
		EC082CDA43774E428B4CB5CD /* Roboto-Thin.ttf in Resources */ = {isa = PBXBuildFile; fileRef = A74A32C4CD1D49D3AB9BC46E /* Roboto-Thin.ttf */; };
		EC13E1BBEAD74BF586931CAB /* Roboto-LightItalic.ttf in Resources */ = {isa = PBXBuildFile; fileRef = 1753C105E0224C4E818C603C /* Roboto-LightItalic.ttf */; };
		ECCCD5ABA3874B6C851FCB11 /* Ubuntu-LightItalic.ttf in Resources */ = {isa = PBXBuildFile; fileRef = 03167D3B009547CDAE025F24 /* Ubuntu-LightItalic.ttf */; };
		F1B8C7C2D3C64F34975290D2 /* Roboto-ThinItalic.ttf in Resources */ = {isa = PBXBuildFile; fileRef = B43726878D78484CA72C35DF /* Roboto-ThinItalic.ttf */; };
		F2B28ADAE6094933BD3E9606 /* IBMPlexSans-Bold.ttf in Resources */ = {isa = PBXBuildFile; fileRef = 045B7A7493444A69BEF17574 /* IBMPlexSans-Bold.ttf */; };
		FD885DF4811A42D8A5F8870D /* Ubuntu-Medium.ttf in Resources */ = {isa = PBXBuildFile; fileRef = A6B4ACAD496C420E8E5B35CF /* Ubuntu-Medium.ttf */; };
		FDBEF1D4AC6E407A993D49FB /* Roboto-BlackItalic.ttf in Resources */ = {isa = PBXBuildFile; fileRef = D08FA3AF4BA648A696411C62 /* Roboto-BlackItalic.ttf */; };
		FEEE898FA78E455B80499806 /* IBMPlexSans-Regular.ttf in Resources */ = {isa = PBXBuildFile; fileRef = 6B1282C133424269A92FCDA3 /* IBMPlexSans-Regular.ttf */; };
/* End PBXBuildFile section */

/* Begin PBXContainerItemProxy section */
		00E356F41AD99517003FC87E /* PBXContainerItemProxy */ = {
			isa = PBXContainerItemProxy;
			containerPortal = 83CBB9F71A601CBA00E9B192 /* Project object */;
			proxyType = 1;
			remoteGlobalIDString = 13B07F861A680F5B00A75B9A;
			remoteInfo = igrow;
		};
/* End PBXContainerItemProxy section */

/* Begin PBXFileReference section */
		00E356EE1AD99517003FC87E /* igrowTests.xctest */ = {isa = PBXFileReference; explicitFileType = wrapper.cfbundle; includeInIndex = 0; path = igrowTests.xctest; sourceTree = BUILT_PRODUCTS_DIR; };
		00E356F11AD99517003FC87E /* Info.plist */ = {isa = PBXFileReference; lastKnownFileType = text.plist.xml; path = Info.plist; sourceTree = "<group>"; };
		00E356F21AD99517003FC87E /* igrowTests.m */ = {isa = PBXFileReference; lastKnownFileType = sourcecode.c.objc; path = igrowTests.m; sourceTree = "<group>"; };
		029750B3DDAA4AD79189306A /* IBMPlexSans-ExtraLightItalic.ttf */ = {isa = PBXFileReference; explicitFileType = undefined; fileEncoding = undefined; includeInIndex = 0; lastKnownFileType = unknown; name = "IBMPlexSans-ExtraLightItalic.ttf"; path = "../src/assets/fonts/IBM_Plex_Sans/IBMPlexSans-ExtraLightItalic.ttf"; sourceTree = "<group>"; };
		03167D3B009547CDAE025F24 /* Ubuntu-LightItalic.ttf */ = {isa = PBXFileReference; explicitFileType = undefined; fileEncoding = undefined; includeInIndex = 0; lastKnownFileType = unknown; name = "Ubuntu-LightItalic.ttf"; path = "../src/assets/fonts/Ubuntu/Ubuntu-LightItalic.ttf"; sourceTree = "<group>"; };
		045B7A7493444A69BEF17574 /* IBMPlexSans-Bold.ttf */ = {isa = PBXFileReference; explicitFileType = undefined; fileEncoding = undefined; includeInIndex = 0; lastKnownFileType = unknown; name = "IBMPlexSans-Bold.ttf"; path = "../src/assets/fonts/IBM_Plex_Sans/IBMPlexSans-Bold.ttf"; sourceTree = "<group>"; };
		13B07F961A680F5B00A75B9A /* igrow.app */ = {isa = PBXFileReference; explicitFileType = wrapper.application; includeInIndex = 0; path = igrow.app; sourceTree = BUILT_PRODUCTS_DIR; };
		13B07FAF1A68108700A75B9A /* AppDelegate.h */ = {isa = PBXFileReference; fileEncoding = 4; lastKnownFileType = sourcecode.c.h; name = AppDelegate.h; path = igrow/AppDelegate.h; sourceTree = "<group>"; };
		13B07FB01A68108700A75B9A /* AppDelegate.mm */ = {isa = PBXFileReference; fileEncoding = 4; lastKnownFileType = sourcecode.cpp.objcpp; name = AppDelegate.mm; path = igrow/AppDelegate.mm; sourceTree = "<group>"; };
		13B07FB51A68108700A75B9A /* Images.xcassets */ = {isa = PBXFileReference; lastKnownFileType = folder.assetcatalog; name = Images.xcassets; path = igrow/Images.xcassets; sourceTree = "<group>"; };
		13B07FB61A68108700A75B9A /* Info.plist */ = {isa = PBXFileReference; fileEncoding = 4; lastKnownFileType = text.plist.xml; name = Info.plist; path = igrow/Info.plist; sourceTree = "<group>"; };
		13B07FB71A68108700A75B9A /* main.m */ = {isa = PBXFileReference; fileEncoding = 4; lastKnownFileType = sourcecode.c.objc; name = main.m; path = igrow/main.m; sourceTree = "<group>"; };
		1753C105E0224C4E818C603C /* Roboto-LightItalic.ttf */ = {isa = PBXFileReference; explicitFileType = undefined; fileEncoding = undefined; includeInIndex = 0; lastKnownFileType = unknown; name = "Roboto-LightItalic.ttf"; path = "../src/assets/fonts/Roboto/Roboto-LightItalic.ttf"; sourceTree = "<group>"; };
		19F6CBCC0A4E27FBF8BF4A61 /* libPods-igrow-igrowTests.a */ = {isa = PBXFileReference; explicitFileType = archive.ar; includeInIndex = 0; path = "libPods-igrow-igrowTests.a"; sourceTree = BUILT_PRODUCTS_DIR; };
		1A931002B89F44439F2A941F /* Ubuntu-Bold.ttf */ = {isa = PBXFileReference; explicitFileType = undefined; fileEncoding = undefined; includeInIndex = 0; lastKnownFileType = unknown; name = "Ubuntu-Bold.ttf"; path = "../src/assets/fonts/Ubuntu/Ubuntu-Bold.ttf"; sourceTree = "<group>"; };
		1BEAA6C099C14202B48B4F84 /* Ubuntu-BoldItalic.ttf */ = {isa = PBXFileReference; explicitFileType = undefined; fileEncoding = undefined; includeInIndex = 0; lastKnownFileType = unknown; name = "Ubuntu-BoldItalic.ttf"; path = "../src/assets/fonts/Ubuntu/Ubuntu-BoldItalic.ttf"; sourceTree = "<group>"; };
		237C3981248A456AA165E5C4 /* Roboto-BoldItalic.ttf */ = {isa = PBXFileReference; explicitFileType = undefined; fileEncoding = undefined; includeInIndex = 0; lastKnownFileType = unknown; name = "Roboto-BoldItalic.ttf"; path = "../src/assets/fonts/Roboto/Roboto-BoldItalic.ttf"; sourceTree = "<group>"; };
		3B4392A12AC88292D35C810B /* Pods-igrow.debug.xcconfig */ = {isa = PBXFileReference; includeInIndex = 1; lastKnownFileType = text.xcconfig; name = "Pods-igrow.debug.xcconfig"; path = "Target Support Files/Pods-igrow/Pods-igrow.debug.xcconfig"; sourceTree = "<group>"; };
		4A9F7CFA20114B85B99BE374 /* IBMPlexSans-BoldItalic.ttf */ = {isa = PBXFileReference; explicitFileType = undefined; fileEncoding = undefined; includeInIndex = 0; lastKnownFileType = unknown; name = "IBMPlexSans-BoldItalic.ttf"; path = "../src/assets/fonts/IBM_Plex_Sans/IBMPlexSans-BoldItalic.ttf"; sourceTree = "<group>"; };
		4CBC3BD46C6849668EF0684A /* IBMPlexSans-SemiBold.ttf */ = {isa = PBXFileReference; explicitFileType = undefined; fileEncoding = undefined; includeInIndex = 0; lastKnownFileType = unknown; name = "IBMPlexSans-SemiBold.ttf"; path = "../src/assets/fonts/IBM_Plex_Sans/IBMPlexSans-SemiBold.ttf"; sourceTree = "<group>"; };
		5023BB6C49804D608900E3C0 /* Roboto-Italic.ttf */ = {isa = PBXFileReference; explicitFileType = undefined; fileEncoding = undefined; includeInIndex = 0; lastKnownFileType = unknown; name = "Roboto-Italic.ttf"; path = "../src/assets/fonts/Roboto/Roboto-Italic.ttf"; sourceTree = "<group>"; };
		5709B34CF0A7D63546082F79 /* Pods-igrow.release.xcconfig */ = {isa = PBXFileReference; includeInIndex = 1; lastKnownFileType = text.xcconfig; name = "Pods-igrow.release.xcconfig"; path = "Target Support Files/Pods-igrow/Pods-igrow.release.xcconfig"; sourceTree = "<group>"; };
		5822256E6B4742CF9B0A68E9 /* Roboto-Bold.ttf */ = {isa = PBXFileReference; explicitFileType = undefined; fileEncoding = undefined; includeInIndex = 0; lastKnownFileType = unknown; name = "Roboto-Bold.ttf"; path = "../src/assets/fonts/Roboto/Roboto-Bold.ttf"; sourceTree = "<group>"; };
		5B7EB9410499542E8C5724F5 /* Pods-igrow-igrowTests.debug.xcconfig */ = {isa = PBXFileReference; includeInIndex = 1; lastKnownFileType = text.xcconfig; name = "Pods-igrow-igrowTests.debug.xcconfig"; path = "Target Support Files/Pods-igrow-igrowTests/Pods-igrow-igrowTests.debug.xcconfig"; sourceTree = "<group>"; };
		5DCACB8F33CDC322A6C60F78 /* libPods-igrow.a */ = {isa = PBXFileReference; explicitFileType = archive.ar; includeInIndex = 0; path = "libPods-igrow.a"; sourceTree = BUILT_PRODUCTS_DIR; };
		644373D36F7F443B8D2BEA1B /* IBMPlexSans-Medium.ttf */ = {isa = PBXFileReference; explicitFileType = undefined; fileEncoding = undefined; includeInIndex = 0; lastKnownFileType = unknown; name = "IBMPlexSans-Medium.ttf"; path = "../src/assets/fonts/IBM_Plex_Sans/IBMPlexSans-Medium.ttf"; sourceTree = "<group>"; };
		6978A89D0D26472CB94BAD31 /* Ubuntu-Italic.ttf */ = {isa = PBXFileReference; explicitFileType = undefined; fileEncoding = undefined; includeInIndex = 0; lastKnownFileType = unknown; name = "Ubuntu-Italic.ttf"; path = "../src/assets/fonts/Ubuntu/Ubuntu-Italic.ttf"; sourceTree = "<group>"; };
		6B1282C133424269A92FCDA3 /* IBMPlexSans-Regular.ttf */ = {isa = PBXFileReference; explicitFileType = undefined; fileEncoding = undefined; includeInIndex = 0; lastKnownFileType = unknown; name = "IBMPlexSans-Regular.ttf"; path = "../src/assets/fonts/IBM_Plex_Sans/IBMPlexSans-Regular.ttf"; sourceTree = "<group>"; };
		7357C963043E408F9D60506B /* IBMPlexSans-MediumItalic.ttf */ = {isa = PBXFileReference; explicitFileType = undefined; fileEncoding = undefined; includeInIndex = 0; lastKnownFileType = unknown; name = "IBMPlexSans-MediumItalic.ttf"; path = "../src/assets/fonts/IBM_Plex_Sans/IBMPlexSans-MediumItalic.ttf"; sourceTree = "<group>"; };
		75D4719F16E545E49239B795 /* IBMPlexSans-ExtraLight.ttf */ = {isa = PBXFileReference; explicitFileType = undefined; fileEncoding = undefined; includeInIndex = 0; lastKnownFileType = unknown; name = "IBMPlexSans-ExtraLight.ttf"; path = "../src/assets/fonts/IBM_Plex_Sans/IBMPlexSans-ExtraLight.ttf"; sourceTree = "<group>"; };
		7AAFE5E74C2F424583B0EC40 /* Ubuntu-MediumItalic.ttf */ = {isa = PBXFileReference; explicitFileType = undefined; fileEncoding = undefined; includeInIndex = 0; lastKnownFileType = unknown; name = "Ubuntu-MediumItalic.ttf"; path = "../src/assets/fonts/Ubuntu/Ubuntu-MediumItalic.ttf"; sourceTree = "<group>"; };
		7AE8FC42F3AC4717802D50A7 /* Ubuntu-Light.ttf */ = {isa = PBXFileReference; explicitFileType = undefined; fileEncoding = undefined; includeInIndex = 0; lastKnownFileType = unknown; name = "Ubuntu-Light.ttf"; path = "../src/assets/fonts/Ubuntu/Ubuntu-Light.ttf"; sourceTree = "<group>"; };
		80CBBE3DB7BC454E8A9E6D93 /* IBMPlexSans-Thin.ttf */ = {isa = PBXFileReference; explicitFileType = undefined; fileEncoding = undefined; includeInIndex = 0; lastKnownFileType = unknown; name = "IBMPlexSans-Thin.ttf"; path = "../src/assets/fonts/IBM_Plex_Sans/IBMPlexSans-Thin.ttf"; sourceTree = "<group>"; };
		81AB9BB72411601600AC10FF /* LaunchScreen.storyboard */ = {isa = PBXFileReference; fileEncoding = 4; lastKnownFileType = file.storyboard; name = LaunchScreen.storyboard; path = igrow/LaunchScreen.storyboard; sourceTree = "<group>"; };
		81F1F6B621824E4BB27D5AA5 /* Roboto-Regular.ttf */ = {isa = PBXFileReference; explicitFileType = undefined; fileEncoding = undefined; includeInIndex = 0; lastKnownFileType = unknown; name = "Roboto-Regular.ttf"; path = "../src/assets/fonts/Roboto/Roboto-Regular.ttf"; sourceTree = "<group>"; };
		8953FDFE1F8E415ABFA966AC /* IBMPlexSans-LightItalic.ttf */ = {isa = PBXFileReference; explicitFileType = undefined; fileEncoding = undefined; includeInIndex = 0; lastKnownFileType = unknown; name = "IBMPlexSans-LightItalic.ttf"; path = "../src/assets/fonts/IBM_Plex_Sans/IBMPlexSans-LightItalic.ttf"; sourceTree = "<group>"; };
		89C6BE57DB24E9ADA2F236DE /* Pods-igrow-igrowTests.release.xcconfig */ = {isa = PBXFileReference; includeInIndex = 1; lastKnownFileType = text.xcconfig; name = "Pods-igrow-igrowTests.release.xcconfig"; path = "Target Support Files/Pods-igrow-igrowTests/Pods-igrow-igrowTests.release.xcconfig"; sourceTree = "<group>"; };
		8A367F67A2614823BE7DD804 /* IBMPlexSans-Light.ttf */ = {isa = PBXFileReference; explicitFileType = undefined; fileEncoding = undefined; includeInIndex = 0; lastKnownFileType = unknown; name = "IBMPlexSans-Light.ttf"; path = "../src/assets/fonts/IBM_Plex_Sans/IBMPlexSans-Light.ttf"; sourceTree = "<group>"; };
		92CE70B45AFF47FCAE4BDE7F /* Roboto-Black.ttf */ = {isa = PBXFileReference; explicitFileType = undefined; fileEncoding = undefined; includeInIndex = 0; lastKnownFileType = unknown; name = "Roboto-Black.ttf"; path = "../src/assets/fonts/Roboto/Roboto-Black.ttf"; sourceTree = "<group>"; };
		A41955C308BA408590E16E3E /* IBMPlexSans-ThinItalic.ttf */ = {isa = PBXFileReference; explicitFileType = undefined; fileEncoding = undefined; includeInIndex = 0; lastKnownFileType = unknown; name = "IBMPlexSans-ThinItalic.ttf"; path = "../src/assets/fonts/IBM_Plex_Sans/IBMPlexSans-ThinItalic.ttf"; sourceTree = "<group>"; };
		A46B0DFA69AD4638B54D765C /* Ubuntu-Regular.ttf */ = {isa = PBXFileReference; explicitFileType = undefined; fileEncoding = undefined; includeInIndex = 0; lastKnownFileType = unknown; name = "Ubuntu-Regular.ttf"; path = "../src/assets/fonts/Ubuntu/Ubuntu-Regular.ttf"; sourceTree = "<group>"; };
		A50235FBA614422997D6717B /* Roboto-MediumItalic.ttf */ = {isa = PBXFileReference; explicitFileType = undefined; fileEncoding = undefined; includeInIndex = 0; lastKnownFileType = unknown; name = "Roboto-MediumItalic.ttf"; path = "../src/assets/fonts/Roboto/Roboto-MediumItalic.ttf"; sourceTree = "<group>"; };
		A628996B1E92476491435757 /* IBMPlexSans-Italic.ttf */ = {isa = PBXFileReference; explicitFileType = undefined; fileEncoding = undefined; includeInIndex = 0; lastKnownFileType = unknown; name = "IBMPlexSans-Italic.ttf"; path = "../src/assets/fonts/IBM_Plex_Sans/IBMPlexSans-Italic.ttf"; sourceTree = "<group>"; };
		A6B4ACAD496C420E8E5B35CF /* Ubuntu-Medium.ttf */ = {isa = PBXFileReference; explicitFileType = undefined; fileEncoding = undefined; includeInIndex = 0; lastKnownFileType = unknown; name = "Ubuntu-Medium.ttf"; path = "../src/assets/fonts/Ubuntu/Ubuntu-Medium.ttf"; sourceTree = "<group>"; };
		A74A32C4CD1D49D3AB9BC46E /* Roboto-Thin.ttf */ = {isa = PBXFileReference; explicitFileType = undefined; fileEncoding = undefined; includeInIndex = 0; lastKnownFileType = unknown; name = "Roboto-Thin.ttf"; path = "../src/assets/fonts/Roboto/Roboto-Thin.ttf"; sourceTree = "<group>"; };
		B43726878D78484CA72C35DF /* Roboto-ThinItalic.ttf */ = {isa = PBXFileReference; explicitFileType = undefined; fileEncoding = undefined; includeInIndex = 0; lastKnownFileType = unknown; name = "Roboto-ThinItalic.ttf"; path = "../src/assets/fonts/Roboto/Roboto-ThinItalic.ttf"; sourceTree = "<group>"; };
		C4119C8F440B4F0FA43C9C81 /* IBMPlexSans-SemiBoldItalic.ttf */ = {isa = PBXFileReference; explicitFileType = undefined; fileEncoding = undefined; includeInIndex = 0; lastKnownFileType = unknown; name = "IBMPlexSans-SemiBoldItalic.ttf"; path = "../src/assets/fonts/IBM_Plex_Sans/IBMPlexSans-SemiBoldItalic.ttf"; sourceTree = "<group>"; };
		D08FA3AF4BA648A696411C62 /* Roboto-BlackItalic.ttf */ = {isa = PBXFileReference; explicitFileType = undefined; fileEncoding = undefined; includeInIndex = 0; lastKnownFileType = unknown; name = "Roboto-BlackItalic.ttf"; path = "../src/assets/fonts/Roboto/Roboto-BlackItalic.ttf"; sourceTree = "<group>"; };
		E3182DEB4590436CB336A489 /* Roboto-Light.ttf */ = {isa = PBXFileReference; explicitFileType = undefined; fileEncoding = undefined; includeInIndex = 0; lastKnownFileType = unknown; name = "Roboto-Light.ttf"; path = "../src/assets/fonts/Roboto/Roboto-Light.ttf"; sourceTree = "<group>"; };
		E98CB04549D44B6DA208AD87 /* Roboto-Medium.ttf */ = {isa = PBXFileReference; explicitFileType = undefined; fileEncoding = undefined; includeInIndex = 0; lastKnownFileType = unknown; name = "Roboto-Medium.ttf"; path = "../src/assets/fonts/Roboto/Roboto-Medium.ttf"; sourceTree = "<group>"; };
		ED297162215061F000B7C4FE /* JavaScriptCore.framework */ = {isa = PBXFileReference; lastKnownFileType = wrapper.framework; name = JavaScriptCore.framework; path = System/Library/Frameworks/JavaScriptCore.framework; sourceTree = SDKROOT; };
/* End PBXFileReference section */

/* Begin PBXFrameworksBuildPhase section */
		00E356EB1AD99517003FC87E /* Frameworks */ = {
			isa = PBXFrameworksBuildPhase;
			buildActionMask = 2147483647;
			files = (
				7699B88040F8A987B510C191 /* libPods-igrow-igrowTests.a in Frameworks */,
			);
			runOnlyForDeploymentPostprocessing = 0;
		};
		13B07F8C1A680F5B00A75B9A /* Frameworks */ = {
			isa = PBXFrameworksBuildPhase;
			buildActionMask = 2147483647;
			files = (
				0C80B921A6F3F58F76C31292 /* libPods-igrow.a in Frameworks */,
			);
			runOnlyForDeploymentPostprocessing = 0;
		};
/* End PBXFrameworksBuildPhase section */

/* Begin PBXGroup section */
		00E356EF1AD99517003FC87E /* igrowTests */ = {
			isa = PBXGroup;
			children = (
				00E356F21AD99517003FC87E /* igrowTests.m */,
				00E356F01AD99517003FC87E /* Supporting Files */,
			);
			path = igrowTests;
			sourceTree = "<group>";
		};
		00E356F01AD99517003FC87E /* Supporting Files */ = {
			isa = PBXGroup;
			children = (
				00E356F11AD99517003FC87E /* Info.plist */,
			);
			name = "Supporting Files";
			sourceTree = "<group>";
		};
		13B07FAE1A68108700A75B9A /* igrow */ = {
			isa = PBXGroup;
			children = (
				13B07FAF1A68108700A75B9A /* AppDelegate.h */,
				13B07FB01A68108700A75B9A /* AppDelegate.mm */,
				13B07FB51A68108700A75B9A /* Images.xcassets */,
				13B07FB61A68108700A75B9A /* Info.plist */,
				81AB9BB72411601600AC10FF /* LaunchScreen.storyboard */,
				13B07FB71A68108700A75B9A /* main.m */,
			);
			name = igrow;
			sourceTree = "<group>";
		};
		2D16E6871FA4F8E400B85C8A /* Frameworks */ = {
			isa = PBXGroup;
			children = (
				ED297162215061F000B7C4FE /* JavaScriptCore.framework */,
				5DCACB8F33CDC322A6C60F78 /* libPods-igrow.a */,
				19F6CBCC0A4E27FBF8BF4A61 /* libPods-igrow-igrowTests.a */,
			);
			name = Frameworks;
			sourceTree = "<group>";
		};
		832341AE1AAA6A7D00B99B32 /* Libraries */ = {
			isa = PBXGroup;
			children = (
			);
			name = Libraries;
			sourceTree = "<group>";
		};
		83CBB9F61A601CBA00E9B192 = {
			isa = PBXGroup;
			children = (
				13B07FAE1A68108700A75B9A /* igrow */,
				832341AE1AAA6A7D00B99B32 /* Libraries */,
				00E356EF1AD99517003FC87E /* igrowTests */,
				83CBBA001A601CBA00E9B192 /* Products */,
				2D16E6871FA4F8E400B85C8A /* Frameworks */,
				BBD78D7AC51CEA395F1C20DB /* Pods */,
				FD8BD554CF2A433FAA2F4829 /* Resources */,
			);
			indentWidth = 2;
			sourceTree = "<group>";
			tabWidth = 2;
			usesTabs = 0;
		};
		83CBBA001A601CBA00E9B192 /* Products */ = {
			isa = PBXGroup;
			children = (
				13B07F961A680F5B00A75B9A /* igrow.app */,
				00E356EE1AD99517003FC87E /* igrowTests.xctest */,
			);
			name = Products;
			sourceTree = "<group>";
		};
		BBD78D7AC51CEA395F1C20DB /* Pods */ = {
			isa = PBXGroup;
			children = (
				3B4392A12AC88292D35C810B /* Pods-igrow.debug.xcconfig */,
				5709B34CF0A7D63546082F79 /* Pods-igrow.release.xcconfig */,
				5B7EB9410499542E8C5724F5 /* Pods-igrow-igrowTests.debug.xcconfig */,
				89C6BE57DB24E9ADA2F236DE /* Pods-igrow-igrowTests.release.xcconfig */,
			);
			path = Pods;
			sourceTree = "<group>";
		};
		FD8BD554CF2A433FAA2F4829 /* Resources */ = {
			isa = PBXGroup;
			children = (
				045B7A7493444A69BEF17574 /* IBMPlexSans-Bold.ttf */,
				4A9F7CFA20114B85B99BE374 /* IBMPlexSans-BoldItalic.ttf */,
				75D4719F16E545E49239B795 /* IBMPlexSans-ExtraLight.ttf */,
				029750B3DDAA4AD79189306A /* IBMPlexSans-ExtraLightItalic.ttf */,
				A628996B1E92476491435757 /* IBMPlexSans-Italic.ttf */,
				8A367F67A2614823BE7DD804 /* IBMPlexSans-Light.ttf */,
				8953FDFE1F8E415ABFA966AC /* IBMPlexSans-LightItalic.ttf */,
				644373D36F7F443B8D2BEA1B /* IBMPlexSans-Medium.ttf */,
				7357C963043E408F9D60506B /* IBMPlexSans-MediumItalic.ttf */,
				6B1282C133424269A92FCDA3 /* IBMPlexSans-Regular.ttf */,
				4CBC3BD46C6849668EF0684A /* IBMPlexSans-SemiBold.ttf */,
				C4119C8F440B4F0FA43C9C81 /* IBMPlexSans-SemiBoldItalic.ttf */,
				80CBBE3DB7BC454E8A9E6D93 /* IBMPlexSans-Thin.ttf */,
				A41955C308BA408590E16E3E /* IBMPlexSans-ThinItalic.ttf */,
				92CE70B45AFF47FCAE4BDE7F /* Roboto-Black.ttf */,
				D08FA3AF4BA648A696411C62 /* Roboto-BlackItalic.ttf */,
				5822256E6B4742CF9B0A68E9 /* Roboto-Bold.ttf */,
				237C3981248A456AA165E5C4 /* Roboto-BoldItalic.ttf */,
				5023BB6C49804D608900E3C0 /* Roboto-Italic.ttf */,
				E3182DEB4590436CB336A489 /* Roboto-Light.ttf */,
				1753C105E0224C4E818C603C /* Roboto-LightItalic.ttf */,
				E98CB04549D44B6DA208AD87 /* Roboto-Medium.ttf */,
				A50235FBA614422997D6717B /* Roboto-MediumItalic.ttf */,
				81F1F6B621824E4BB27D5AA5 /* Roboto-Regular.ttf */,
				A74A32C4CD1D49D3AB9BC46E /* Roboto-Thin.ttf */,
				B43726878D78484CA72C35DF /* Roboto-ThinItalic.ttf */,
				1A931002B89F44439F2A941F /* Ubuntu-Bold.ttf */,
				1BEAA6C099C14202B48B4F84 /* Ubuntu-BoldItalic.ttf */,
				6978A89D0D26472CB94BAD31 /* Ubuntu-Italic.ttf */,
				7AE8FC42F3AC4717802D50A7 /* Ubuntu-Light.ttf */,
				03167D3B009547CDAE025F24 /* Ubuntu-LightItalic.ttf */,
				A6B4ACAD496C420E8E5B35CF /* Ubuntu-Medium.ttf */,
				7AAFE5E74C2F424583B0EC40 /* Ubuntu-MediumItalic.ttf */,
				A46B0DFA69AD4638B54D765C /* Ubuntu-Regular.ttf */,
			);
			name = Resources;
			path = "";
			sourceTree = "<group>";
		};
/* End PBXGroup section */

/* Begin PBXNativeTarget section */
		00E356ED1AD99517003FC87E /* igrowTests */ = {
			isa = PBXNativeTarget;
			buildConfigurationList = 00E357021AD99517003FC87E /* Build configuration list for PBXNativeTarget "igrowTests" */;
			buildPhases = (
				A55EABD7B0C7F3A422A6CC61 /* [CP] Check Pods Manifest.lock */,
				00E356EA1AD99517003FC87E /* Sources */,
				00E356EB1AD99517003FC87E /* Frameworks */,
				00E356EC1AD99517003FC87E /* Resources */,
				C59DA0FBD6956966B86A3779 /* [CP] Embed Pods Frameworks */,
				F6A41C54EA430FDDC6A6ED99 /* [CP] Copy Pods Resources */,
			);
			buildRules = (
			);
			dependencies = (
				00E356F51AD99517003FC87E /* PBXTargetDependency */,
			);
			name = igrowTests;
			productName = igrowTests;
			productReference = 00E356EE1AD99517003FC87E /* igrowTests.xctest */;
			productType = "com.apple.product-type.bundle.unit-test";
		};
		13B07F861A680F5B00A75B9A /* igrow */ = {
			isa = PBXNativeTarget;
			buildConfigurationList = 13B07F931A680F5B00A75B9A /* Build configuration list for PBXNativeTarget "igrow" */;
			buildPhases = (
				C38B50BA6285516D6DCD4F65 /* [CP] Check Pods Manifest.lock */,
				FD10A7F022414F080027D42C /* Start Packager */,
				13B07F871A680F5B00A75B9A /* Sources */,
				13B07F8C1A680F5B00A75B9A /* Frameworks */,
				13B07F8E1A680F5B00A75B9A /* Resources */,
				00DD1BFF1BD5951E006B06BC /* Bundle React Native code and images */,
				00EEFC60759A1932668264C0 /* [CP] Embed Pods Frameworks */,
				E235C05ADACE081382539298 /* [CP] Copy Pods Resources */,
			);
			buildRules = (
			);
			dependencies = (
			);
			name = igrow;
			productName = igrow;
			productReference = 13B07F961A680F5B00A75B9A /* igrow.app */;
			productType = "com.apple.product-type.application";
		};
/* End PBXNativeTarget section */

/* Begin PBXProject section */
		83CBB9F71A601CBA00E9B192 /* Project object */ = {
			isa = PBXProject;
			attributes = {
				LastUpgradeCheck = 1210;
				TargetAttributes = {
					00E356ED1AD99517003FC87E = {
						CreatedOnToolsVersion = 6.2;
						TestTargetID = 13B07F861A680F5B00A75B9A;
					};
					13B07F861A680F5B00A75B9A = {
						LastSwiftMigration = 1120;
					};
				};
			};
			buildConfigurationList = 83CBB9FA1A601CBA00E9B192 /* Build configuration list for PBXProject "igrow" */;
			compatibilityVersion = "Xcode 12.0";
			developmentRegion = en;
			hasScannedForEncodings = 0;
			knownRegions = (
				en,
				Base,
			);
			mainGroup = 83CBB9F61A601CBA00E9B192;
			productRefGroup = 83CBBA001A601CBA00E9B192 /* Products */;
			projectDirPath = "";
			projectRoot = "";
			targets = (
				13B07F861A680F5B00A75B9A /* igrow */,
				00E356ED1AD99517003FC87E /* igrowTests */,
			);
		};
/* End PBXProject section */

/* Begin PBXResourcesBuildPhase section */
		00E356EC1AD99517003FC87E /* Resources */ = {
			isa = PBXResourcesBuildPhase;
			buildActionMask = 2147483647;
			files = (
			);
			runOnlyForDeploymentPostprocessing = 0;
		};
		13B07F8E1A680F5B00A75B9A /* Resources */ = {
			isa = PBXResourcesBuildPhase;
			buildActionMask = 2147483647;
			files = (
				81AB9BB82411601600AC10FF /* LaunchScreen.storyboard in Resources */,
				13B07FBF1A68108700A75B9A /* Images.xcassets in Resources */,
				F2B28ADAE6094933BD3E9606 /* IBMPlexSans-Bold.ttf in Resources */,
				98E96CD2ADF348DE806525EA /* IBMPlexSans-BoldItalic.ttf in Resources */,
				04731671C4BD4000AD902073 /* IBMPlexSans-ExtraLight.ttf in Resources */,
				D7A515A3894C4BDB9832CA29 /* IBMPlexSans-ExtraLightItalic.ttf in Resources */,
				773B385E4A194D33AA6B3782 /* IBMPlexSans-Italic.ttf in Resources */,
				6FD31672101440EB8C8D42C6 /* IBMPlexSans-Light.ttf in Resources */,
				0E3809DD59B9437AA205E42A /* IBMPlexSans-LightItalic.ttf in Resources */,
				12848F1CADE445409F2791BF /* IBMPlexSans-Medium.ttf in Resources */,
				25B9FFFB9E654C9FB89BEF43 /* IBMPlexSans-MediumItalic.ttf in Resources */,
				FEEE898FA78E455B80499806 /* IBMPlexSans-Regular.ttf in Resources */,
				261E1663EB184787829B04D7 /* IBMPlexSans-SemiBold.ttf in Resources */,
				AEF6418A50A54F12B7A67A69 /* IBMPlexSans-SemiBoldItalic.ttf in Resources */,
				57D199B0AF12448AB37E0E21 /* IBMPlexSans-Thin.ttf in Resources */,
				BFDDA89BD15F43FC9F39DDD3 /* IBMPlexSans-ThinItalic.ttf in Resources */,
				25D5CF4DBF1844AE9AC2CE7D /* Roboto-Black.ttf in Resources */,
				FDBEF1D4AC6E407A993D49FB /* Roboto-BlackItalic.ttf in Resources */,
				C1B927015CEA45048D6FA268 /* Roboto-Bold.ttf in Resources */,
				0E39879874A946C0968E723D /* Roboto-BoldItalic.ttf in Resources */,
				4DB675B324C34EBDBB3AECE6 /* Roboto-Italic.ttf in Resources */,
				02EB839F8A87450A95DF8E5F /* Roboto-Light.ttf in Resources */,
				EC13E1BBEAD74BF586931CAB /* Roboto-LightItalic.ttf in Resources */,
				E7331022C41348F7A3D9164D /* Roboto-Medium.ttf in Resources */,
				4F329CB12D14416EA6B77235 /* Roboto-MediumItalic.ttf in Resources */,
				779B1C1C3FBC473D83F73E4D /* Roboto-Regular.ttf in Resources */,
				EC082CDA43774E428B4CB5CD /* Roboto-Thin.ttf in Resources */,
				F1B8C7C2D3C64F34975290D2 /* Roboto-ThinItalic.ttf in Resources */,
				2825147848B14414A7B1086C /* Ubuntu-Bold.ttf in Resources */,
				91C3636178D74589B3229D3F /* Ubuntu-BoldItalic.ttf in Resources */,
				DED656C7309F490685D8DE80 /* Ubuntu-Italic.ttf in Resources */,
				C90F26035A6A47A1BB994669 /* Ubuntu-Light.ttf in Resources */,
				ECCCD5ABA3874B6C851FCB11 /* Ubuntu-LightItalic.ttf in Resources */,
				FD885DF4811A42D8A5F8870D /* Ubuntu-Medium.ttf in Resources */,
				C855FFD63ECD436D9C883FC1 /* Ubuntu-MediumItalic.ttf in Resources */,
				AAD8E1354E3D449E8F943D70 /* Ubuntu-Regular.ttf in Resources */,
			);
			runOnlyForDeploymentPostprocessing = 0;
		};
/* End PBXResourcesBuildPhase section */

/* Begin PBXShellScriptBuildPhase section */
		00DD1BFF1BD5951E006B06BC /* Bundle React Native code and images */ = {
			isa = PBXShellScriptBuildPhase;
			buildActionMask = 2147483647;
			files = (
			);
			inputPaths = (
			);
			name = "Bundle React Native code and images";
			outputPaths = (
			);
			runOnlyForDeploymentPostprocessing = 0;
			shellPath = /bin/sh;
			shellScript = "set -e\n\nexport NODE_BINARY=node\n../node_modules/react-native/scripts/react-native-xcode.sh\n";
		};
		00EEFC60759A1932668264C0 /* [CP] Embed Pods Frameworks */ = {
			isa = PBXShellScriptBuildPhase;
			buildActionMask = 2147483647;
			files = (
			);
			inputFileListPaths = (
				"${PODS_ROOT}/Target Support Files/Pods-igrow/Pods-igrow-frameworks-${CONFIGURATION}-input-files.xcfilelist",
			);
			name = "[CP] Embed Pods Frameworks";
			outputFileListPaths = (
				"${PODS_ROOT}/Target Support Files/Pods-igrow/Pods-igrow-frameworks-${CONFIGURATION}-output-files.xcfilelist",
			);
			runOnlyForDeploymentPostprocessing = 0;
			shellPath = /bin/sh;
			shellScript = "\"${PODS_ROOT}/Target Support Files/Pods-igrow/Pods-igrow-frameworks.sh\"\n";
			showEnvVarsInLog = 0;
		};
		A55EABD7B0C7F3A422A6CC61 /* [CP] Check Pods Manifest.lock */ = {
			isa = PBXShellScriptBuildPhase;
			buildActionMask = 2147483647;
			files = (
			);
			inputFileListPaths = (
			);
			inputPaths = (
				"${PODS_PODFILE_DIR_PATH}/Podfile.lock",
				"${PODS_ROOT}/Manifest.lock",
			);
			name = "[CP] Check Pods Manifest.lock";
			outputFileListPaths = (
			);
			outputPaths = (
				"$(DERIVED_FILE_DIR)/Pods-igrow-igrowTests-checkManifestLockResult.txt",
			);
			runOnlyForDeploymentPostprocessing = 0;
			shellPath = /bin/sh;
			shellScript = "diff \"${PODS_PODFILE_DIR_PATH}/Podfile.lock\" \"${PODS_ROOT}/Manifest.lock\" > /dev/null\nif [ $? != 0 ] ; then\n    # print error to STDERR\n    echo \"error: The sandbox is not in sync with the Podfile.lock. Run 'pod install' or update your CocoaPods installation.\" >&2\n    exit 1\nfi\n# This output is used by Xcode 'outputs' to avoid re-running this script phase.\necho \"SUCCESS\" > \"${SCRIPT_OUTPUT_FILE_0}\"\n";
			showEnvVarsInLog = 0;
		};
		C38B50BA6285516D6DCD4F65 /* [CP] Check Pods Manifest.lock */ = {
			isa = PBXShellScriptBuildPhase;
			buildActionMask = 2147483647;
			files = (
			);
			inputFileListPaths = (
			);
			inputPaths = (
				"${PODS_PODFILE_DIR_PATH}/Podfile.lock",
				"${PODS_ROOT}/Manifest.lock",
			);
			name = "[CP] Check Pods Manifest.lock";
			outputFileListPaths = (
			);
			outputPaths = (
				"$(DERIVED_FILE_DIR)/Pods-igrow-checkManifestLockResult.txt",
			);
			runOnlyForDeploymentPostprocessing = 0;
			shellPath = /bin/sh;
			shellScript = "diff \"${PODS_PODFILE_DIR_PATH}/Podfile.lock\" \"${PODS_ROOT}/Manifest.lock\" > /dev/null\nif [ $? != 0 ] ; then\n    # print error to STDERR\n    echo \"error: The sandbox is not in sync with the Podfile.lock. Run 'pod install' or update your CocoaPods installation.\" >&2\n    exit 1\nfi\n# This output is used by Xcode 'outputs' to avoid re-running this script phase.\necho \"SUCCESS\" > \"${SCRIPT_OUTPUT_FILE_0}\"\n";
			showEnvVarsInLog = 0;
		};
		C59DA0FBD6956966B86A3779 /* [CP] Embed Pods Frameworks */ = {
			isa = PBXShellScriptBuildPhase;
			buildActionMask = 2147483647;
			files = (
			);
			inputFileListPaths = (
				"${PODS_ROOT}/Target Support Files/Pods-igrow-igrowTests/Pods-igrow-igrowTests-frameworks-${CONFIGURATION}-input-files.xcfilelist",
			);
			name = "[CP] Embed Pods Frameworks";
			outputFileListPaths = (
				"${PODS_ROOT}/Target Support Files/Pods-igrow-igrowTests/Pods-igrow-igrowTests-frameworks-${CONFIGURATION}-output-files.xcfilelist",
			);
			runOnlyForDeploymentPostprocessing = 0;
			shellPath = /bin/sh;
			shellScript = "\"${PODS_ROOT}/Target Support Files/Pods-igrow-igrowTests/Pods-igrow-igrowTests-frameworks.sh\"\n";
			showEnvVarsInLog = 0;
		};
		E235C05ADACE081382539298 /* [CP] Copy Pods Resources */ = {
			isa = PBXShellScriptBuildPhase;
			buildActionMask = 2147483647;
			files = (
			);
			inputFileListPaths = (
				"${PODS_ROOT}/Target Support Files/Pods-igrow/Pods-igrow-resources-${CONFIGURATION}-input-files.xcfilelist",
			);
			name = "[CP] Copy Pods Resources";
			outputFileListPaths = (
				"${PODS_ROOT}/Target Support Files/Pods-igrow/Pods-igrow-resources-${CONFIGURATION}-output-files.xcfilelist",
			);
			runOnlyForDeploymentPostprocessing = 0;
			shellPath = /bin/sh;
			shellScript = "\"${PODS_ROOT}/Target Support Files/Pods-igrow/Pods-igrow-resources.sh\"\n";
			showEnvVarsInLog = 0;
		};
		F6A41C54EA430FDDC6A6ED99 /* [CP] Copy Pods Resources */ = {
			isa = PBXShellScriptBuildPhase;
			buildActionMask = 2147483647;
			files = (
			);
			inputFileListPaths = (
				"${PODS_ROOT}/Target Support Files/Pods-igrow-igrowTests/Pods-igrow-igrowTests-resources-${CONFIGURATION}-input-files.xcfilelist",
			);
			name = "[CP] Copy Pods Resources";
			outputFileListPaths = (
				"${PODS_ROOT}/Target Support Files/Pods-igrow-igrowTests/Pods-igrow-igrowTests-resources-${CONFIGURATION}-output-files.xcfilelist",
			);
			runOnlyForDeploymentPostprocessing = 0;
			shellPath = /bin/sh;
			shellScript = "\"${PODS_ROOT}/Target Support Files/Pods-igrow-igrowTests/Pods-igrow-igrowTests-resources.sh\"\n";
			showEnvVarsInLog = 0;
		};
		FD10A7F022414F080027D42C /* Start Packager */ = {
			isa = PBXShellScriptBuildPhase;
			buildActionMask = 2147483647;
			files = (
			);
			inputFileListPaths = (
			);
			inputPaths = (
			);
			name = "Start Packager";
			outputFileListPaths = (
			);
			outputPaths = (
			);
			runOnlyForDeploymentPostprocessing = 0;
			shellPath = /bin/sh;
			shellScript = "export RCT_METRO_PORT=\"${RCT_METRO_PORT:=8081}\"\necho \"export RCT_METRO_PORT=${RCT_METRO_PORT}\" > \"${SRCROOT}/../node_modules/react-native/scripts/.packager.env\"\nif [ -z \"${RCT_NO_LAUNCH_PACKAGER+xxx}\" ] ; then\n  if nc -w 5 -z localhost ${RCT_METRO_PORT} ; then\n    if ! curl -s \"http://localhost:${RCT_METRO_PORT}/status\" | grep -q \"packager-status:running\" ; then\n      echo \"Port ${RCT_METRO_PORT} already in use, packager is either not running or not running correctly\"\n      exit 2\n    fi\n  else\n    open \"$SRCROOT/../node_modules/react-native/scripts/launchPackager.command\" || echo \"Can't start packager automatically\"\n  fi\nfi\n";
			showEnvVarsInLog = 0;
		};
/* End PBXShellScriptBuildPhase section */

/* Begin PBXSourcesBuildPhase section */
		00E356EA1AD99517003FC87E /* Sources */ = {
			isa = PBXSourcesBuildPhase;
			buildActionMask = 2147483647;
			files = (
				00E356F31AD99517003FC87E /* igrowTests.m in Sources */,
			);
			runOnlyForDeploymentPostprocessing = 0;
		};
		13B07F871A680F5B00A75B9A /* Sources */ = {
			isa = PBXSourcesBuildPhase;
			buildActionMask = 2147483647;
			files = (
				13B07FBC1A68108700A75B9A /* AppDelegate.mm in Sources */,
				13B07FC11A68108700A75B9A /* main.m in Sources */,
			);
			runOnlyForDeploymentPostprocessing = 0;
		};
/* End PBXSourcesBuildPhase section */

/* Begin PBXTargetDependency section */
		00E356F51AD99517003FC87E /* PBXTargetDependency */ = {
			isa = PBXTargetDependency;
			target = 13B07F861A680F5B00A75B9A /* igrow */;
			targetProxy = 00E356F41AD99517003FC87E /* PBXContainerItemProxy */;
		};
/* End PBXTargetDependency section */

/* Begin XCBuildConfiguration section */
		00E356F61AD99517003FC87E /* Debug */ = {
			isa = XCBuildConfiguration;
			baseConfigurationReference = 5B7EB9410499542E8C5724F5 /* Pods-igrow-igrowTests.debug.xcconfig */;
			buildSettings = {
				BUNDLE_LOADER = "$(TEST_HOST)";
				GCC_PREPROCESSOR_DEFINITIONS = (
					"DEBUG=1",
					"$(inherited)",
				);
				INFOPLIST_FILE = igrowTests/Info.plist;
				IPHONEOS_DEPLOYMENT_TARGET = 11.0;
				LD_RUNPATH_SEARCH_PATHS = (
					"$(inherited)",
					"@executable_path/Frameworks",
					"@loader_path/Frameworks",
				);
				OTHER_LDFLAGS = (
					"-ObjC",
					"-lc++",
					"$(inherited)",
				);
				PRODUCT_BUNDLE_IDENTIFIER = "org.reactjs.native.example.$(PRODUCT_NAME:rfc1034identifier)";
				PRODUCT_NAME = "$(TARGET_NAME)";
				TEST_HOST = "$(BUILT_PRODUCTS_DIR)/igrow.app/igrow";
			};
			name = Debug;
		};
		00E356F71AD99517003FC87E /* Release */ = {
			isa = XCBuildConfiguration;
			baseConfigurationReference = 89C6BE57DB24E9ADA2F236DE /* Pods-igrow-igrowTests.release.xcconfig */;
			buildSettings = {
				BUNDLE_LOADER = "$(TEST_HOST)";
				COPY_PHASE_STRIP = NO;
				INFOPLIST_FILE = igrowTests/Info.plist;
				IPHONEOS_DEPLOYMENT_TARGET = 11.0;
				LD_RUNPATH_SEARCH_PATHS = (
					"$(inherited)",
					"@executable_path/Frameworks",
					"@loader_path/Frameworks",
				);
				OTHER_LDFLAGS = (
					"-ObjC",
					"-lc++",
					"$(inherited)",
				);
				PRODUCT_BUNDLE_IDENTIFIER = "org.reactjs.native.example.$(PRODUCT_NAME:rfc1034identifier)";
				PRODUCT_NAME = "$(TARGET_NAME)";
				TEST_HOST = "$(BUILT_PRODUCTS_DIR)/igrow.app/igrow";
			};
			name = Release;
		};
		13B07F941A680F5B00A75B9A /* Debug */ = {
			isa = XCBuildConfiguration;
			baseConfigurationReference = 3B4392A12AC88292D35C810B /* Pods-igrow.debug.xcconfig */;
			buildSettings = {
				ASSETCATALOG_COMPILER_APPICON_NAME = AppIcon;
				CLANG_ENABLE_MODULES = YES;
				CURRENT_PROJECT_VERSION = 1;
				ENABLE_BITCODE = NO;
				INFOPLIST_FILE = igrow/Info.plist;
				LD_RUNPATH_SEARCH_PATHS = (
					"$(inherited)",
					"@executable_path/Frameworks",
				);
				OTHER_LDFLAGS = (
					"$(inherited)",
					"-ObjC",
					"-lc++",
				);
				PRODUCT_BUNDLE_IDENTIFIER = "org.reactjs.native.example.$(PRODUCT_NAME:rfc1034identifier)";
				PRODUCT_NAME = igrow;
				SWIFT_OPTIMIZATION_LEVEL = "-Onone";
				SWIFT_VERSION = 5.0;
				VERSIONING_SYSTEM = "apple-generic";
			};
			name = Debug;
		};
		13B07F951A680F5B00A75B9A /* Release */ = {
			isa = XCBuildConfiguration;
			baseConfigurationReference = 5709B34CF0A7D63546082F79 /* Pods-igrow.release.xcconfig */;
			buildSettings = {
				ASSETCATALOG_COMPILER_APPICON_NAME = AppIcon;
				CLANG_ENABLE_MODULES = YES;
				CURRENT_PROJECT_VERSION = 1;
				INFOPLIST_FILE = igrow/Info.plist;
				LD_RUNPATH_SEARCH_PATHS = (
					"$(inherited)",
					"@executable_path/Frameworks",
				);
				OTHER_LDFLAGS = (
					"$(inherited)",
					"-ObjC",
					"-lc++",
				);
				PRODUCT_BUNDLE_IDENTIFIER = "org.reactjs.native.example.$(PRODUCT_NAME:rfc1034identifier)";
				PRODUCT_NAME = igrow;
				SWIFT_VERSION = 5.0;
				VERSIONING_SYSTEM = "apple-generic";
			};
			name = Release;
		};
		83CBBA201A601CBA00E9B192 /* Debug */ = {
			isa = XCBuildConfiguration;
			buildSettings = {
				ALWAYS_SEARCH_USER_PATHS = NO;
				CLANG_ANALYZER_LOCALIZABILITY_NONLOCALIZED = YES;
				CLANG_CXX_LANGUAGE_STANDARD = "c++17";
				CLANG_CXX_LIBRARY = "libc++";
				CLANG_ENABLE_MODULES = YES;
				CLANG_ENABLE_OBJC_ARC = YES;
				CLANG_WARN_BLOCK_CAPTURE_AUTORELEASING = YES;
				CLANG_WARN_BOOL_CONVERSION = YES;
				CLANG_WARN_COMMA = YES;
				CLANG_WARN_CONSTANT_CONVERSION = YES;
				CLANG_WARN_DEPRECATED_OBJC_IMPLEMENTATIONS = YES;
				CLANG_WARN_DIRECT_OBJC_ISA_USAGE = YES_ERROR;
				CLANG_WARN_EMPTY_BODY = YES;
				CLANG_WARN_ENUM_CONVERSION = YES;
				CLANG_WARN_INFINITE_RECURSION = YES;
				CLANG_WARN_INT_CONVERSION = YES;
				CLANG_WARN_NON_LITERAL_NULL_CONVERSION = YES;
				CLANG_WARN_OBJC_IMPLICIT_RETAIN_SELF = YES;
				CLANG_WARN_OBJC_LITERAL_CONVERSION = YES;
				CLANG_WARN_OBJC_ROOT_CLASS = YES_ERROR;
				CLANG_WARN_QUOTED_INCLUDE_IN_FRAMEWORK_HEADER = YES;
				CLANG_WARN_RANGE_LOOP_ANALYSIS = YES;
				CLANG_WARN_STRICT_PROTOTYPES = YES;
				CLANG_WARN_SUSPICIOUS_MOVE = YES;
				CLANG_WARN_UNREACHABLE_CODE = YES;
				CLANG_WARN__DUPLICATE_METHOD_MATCH = YES;
				"CODE_SIGN_IDENTITY[sdk=iphoneos*]" = "iPhone Developer";
				COPY_PHASE_STRIP = NO;
				ENABLE_STRICT_OBJC_MSGSEND = YES;
				ENABLE_TESTABILITY = YES;
				"EXCLUDED_ARCHS[sdk=iphonesimulator*]" = i386;
				GCC_C_LANGUAGE_STANDARD = gnu99;
				GCC_DYNAMIC_NO_PIC = NO;
				GCC_NO_COMMON_BLOCKS = YES;
				GCC_OPTIMIZATION_LEVEL = 0;
				GCC_PREPROCESSOR_DEFINITIONS = (
					"DEBUG=1",
					"$(inherited)",
				);
				GCC_SYMBOLS_PRIVATE_EXTERN = NO;
				GCC_WARN_64_TO_32_BIT_CONVERSION = YES;
				GCC_WARN_ABOUT_RETURN_TYPE = YES_ERROR;
				GCC_WARN_UNDECLARED_SELECTOR = YES;
				GCC_WARN_UNINITIALIZED_AUTOS = YES_AGGRESSIVE;
				GCC_WARN_UNUSED_FUNCTION = YES;
				GCC_WARN_UNUSED_VARIABLE = YES;
				IPHONEOS_DEPLOYMENT_TARGET = 11.0;
				LD_RUNPATH_SEARCH_PATHS = (
					/usr/lib/swift,
					"$(inherited)",
				);
				LIBRARY_SEARCH_PATHS = (
					"\"$(SDKROOT)/usr/lib/swift\"",
					"\"$(TOOLCHAIN_DIR)/usr/lib/swift/$(PLATFORM_NAME)\"",
					"\"$(inherited)\"",
				);
				MTL_ENABLE_DEBUG_INFO = YES;
				ONLY_ACTIVE_ARCH = YES;
				OTHER_CPLUSPLUSFLAGS = (
					"$(OTHER_CFLAGS)",
					"-DFOLLY_NO_CONFIG",
					"-DFOLLY_MOBILE=1",
					"-DFOLLY_USE_LIBCPP=1",
				);
				SDKROOT = iphoneos;
			};
			name = Debug;
		};
		83CBBA211A601CBA00E9B192 /* Release */ = {
			isa = XCBuildConfiguration;
			buildSettings = {
				ALWAYS_SEARCH_USER_PATHS = NO;
				CLANG_ANALYZER_LOCALIZABILITY_NONLOCALIZED = YES;
				CLANG_CXX_LANGUAGE_STANDARD = "c++17";
				CLANG_CXX_LIBRARY = "libc++";
				CLANG_ENABLE_MODULES = YES;
				CLANG_ENABLE_OBJC_ARC = YES;
				CLANG_WARN_BLOCK_CAPTURE_AUTORELEASING = YES;
				CLANG_WARN_BOOL_CONVERSION = YES;
				CLANG_WARN_COMMA = YES;
				CLANG_WARN_CONSTANT_CONVERSION = YES;
				CLANG_WARN_DEPRECATED_OBJC_IMPLEMENTATIONS = YES;
				CLANG_WARN_DIRECT_OBJC_ISA_USAGE = YES_ERROR;
				CLANG_WARN_EMPTY_BODY = YES;
				CLANG_WARN_ENUM_CONVERSION = YES;
				CLANG_WARN_INFINITE_RECURSION = YES;
				CLANG_WARN_INT_CONVERSION = YES;
				CLANG_WARN_NON_LITERAL_NULL_CONVERSION = YES;
				CLANG_WARN_OBJC_IMPLICIT_RETAIN_SELF = YES;
				CLANG_WARN_OBJC_LITERAL_CONVERSION = YES;
				CLANG_WARN_OBJC_ROOT_CLASS = YES_ERROR;
				CLANG_WARN_QUOTED_INCLUDE_IN_FRAMEWORK_HEADER = YES;
				CLANG_WARN_RANGE_LOOP_ANALYSIS = YES;
				CLANG_WARN_STRICT_PROTOTYPES = YES;
				CLANG_WARN_SUSPICIOUS_MOVE = YES;
				CLANG_WARN_UNREACHABLE_CODE = YES;
				CLANG_WARN__DUPLICATE_METHOD_MATCH = YES;
				"CODE_SIGN_IDENTITY[sdk=iphoneos*]" = "iPhone Developer";
				COPY_PHASE_STRIP = YES;
				ENABLE_NS_ASSERTIONS = NO;
				ENABLE_STRICT_OBJC_MSGSEND = YES;
				"EXCLUDED_ARCHS[sdk=iphonesimulator*]" = i386;
				GCC_C_LANGUAGE_STANDARD = gnu99;
				GCC_NO_COMMON_BLOCKS = YES;
				GCC_WARN_64_TO_32_BIT_CONVERSION = YES;
				GCC_WARN_ABOUT_RETURN_TYPE = YES_ERROR;
				GCC_WARN_UNDECLARED_SELECTOR = YES;
				GCC_WARN_UNINITIALIZED_AUTOS = YES_AGGRESSIVE;
				GCC_WARN_UNUSED_FUNCTION = YES;
				GCC_WARN_UNUSED_VARIABLE = YES;
				IPHONEOS_DEPLOYMENT_TARGET = 11.0;
				LD_RUNPATH_SEARCH_PATHS = (
					/usr/lib/swift,
					"$(inherited)",
				);
				LIBRARY_SEARCH_PATHS = (
					"\"$(SDKROOT)/usr/lib/swift\"",
					"\"$(TOOLCHAIN_DIR)/usr/lib/swift/$(PLATFORM_NAME)\"",
					"\"$(inherited)\"",
				);
				MTL_ENABLE_DEBUG_INFO = NO;
				OTHER_CPLUSPLUSFLAGS = (
					"$(OTHER_CFLAGS)",
					"-DFOLLY_NO_CONFIG",
					"-DFOLLY_MOBILE=1",
					"-DFOLLY_USE_LIBCPP=1",
				);
				SDKROOT = iphoneos;
				VALIDATE_PRODUCT = YES;
			};
			name = Release;
		};
/* End XCBuildConfiguration section */

/* Begin XCConfigurationList section */
		00E357021AD99517003FC87E /* Build configuration list for PBXNativeTarget "igrowTests" */ = {
			isa = XCConfigurationList;
			buildConfigurations = (
				00E356F61AD99517003FC87E /* Debug */,
				00E356F71AD99517003FC87E /* Release */,
			);
			defaultConfigurationIsVisible = 0;
			defaultConfigurationName = Release;
		};
		13B07F931A680F5B00A75B9A /* Build configuration list for PBXNativeTarget "igrow" */ = {
			isa = XCConfigurationList;
			buildConfigurations = (
				13B07F941A680F5B00A75B9A /* Debug */,
				13B07F951A680F5B00A75B9A /* Release */,
			);
			defaultConfigurationIsVisible = 0;
			defaultConfigurationName = Release;
		};
		83CBB9FA1A601CBA00E9B192 /* Build configuration list for PBXProject "igrow" */ = {
			isa = XCConfigurationList;
			buildConfigurations = (
				83CBBA201A601CBA00E9B192 /* Debug */,
				83CBBA211A601CBA00E9B192 /* Release */,
			);
			defaultConfigurationIsVisible = 0;
			defaultConfigurationName = Release;
		};
/* End XCConfigurationList section */
	};
	rootObject = 83CBB9F71A601CBA00E9B192 /* Project object */;
}
